Microsoft Visual Studio Solution File, Format Version 12.00
# Visual Studio Version 17
VisualStudioVersion = 17.0.31903.59
MinimumVisualStudioVersion = 10.0.40219.1
Project("{FAE04EC0-301F-11D3-BF4B-00C04F79EFBC}") = "Prescribe.Core", "csharp/Prescribe.Core/Prescribe.Core.csproj", "{7E6D8EB8-5B6C-4F87-AE78-7AF8B8828F1A}"
EndProject
Project("{FAE04EC0-301F-11D3-BF4B-00C04F79EFBC}") = "Prescribe.Cli", "csharp/Prescribe.Cli/Prescribe.Cli.csproj", "{5ABEF7B0-2C99-4E3C-9D90-3E3F3E83D28F}"
EndProject
Global
	GlobalSection(SolutionConfigurationPlatforms) = preSolution
		Debug|Any CPU = Debug|Any CPU
		Release|Any CPU = Release|Any CPU
	EndGlobalSection
	GlobalSection(ProjectConfigurationPlatforms) = postSolution
		{7E6D8EB8-5B6C-4F87-AE78-7AF8B8828F1A}.Debug|Any CPU.ActiveCfg = Debug|Any CPU
		{7E6D8EB8-5B6C-4F87-AE78-7AF8B8828F1A}.Debug|Any CPU.Build.0 = Debug|Any CPU
		{7E6D8EB8-5B6C-4F87-AE78-7AF8B8828F1A}.Release|Any CPU.ActiveCfg = Release|Any CPU
		{7E6D8EB8-5B6C-4F87-AE78-7AF8B8828F1A}.Release|Any CPU.Build.0 = Release|Any CPU
		{5ABEF7B0-2C99-4E3C-9D90-3E3F3E83D28F}.Debug|Any CPU.ActiveCfg = Debug|Any CPU
		{5ABEF7B0-2C99-4E3C-9D90-3E3F3E83D28F}.Debug|Any CPU.Build.0 = Debug|Any CPU
		{5ABEF7B0-2C99-4E3C-9D90-3E3F3E83D28F}.Release|Any CPU.ActiveCfg = Release|Any CPU
		{5ABEF7B0-2C99-4E3C-9D90-3E3F3E83D28F}.Release|Any CPU.Build.0 = Release|Any CPU
	EndGlobalSection
EndGlobal
